github.com/go-logr/logr v1.4.1 h1:pKouT5E8xu9zeFC39JXRDukb6JFQPXM5p5I91188VAQ=
github.com/go-logr/logr v1.4.1/go.mod h1:9T104GzyrTigFIr8wt5mBrctHMim0Nb2HLGrmQ40KvY=
github.com/google/go-cmp v0.6.0 h1:ofyhxvXcZhMsU5ulbFiLKl/XBFqE1GSq7atu8tAmTRI=
github.com/google/go-cmp v0.6.0/go.mod h1:17dUlkBOakJ0+DkrSSNjCkIjxS6bF9zb3elmeNGIjoY=
k8s.io/klog/v2 v2.120.0 h1:z+q5mfovBj1fKFxiRzsa2DsJLPIVMk/KFL81LMOfK+8=
k8s.io/klog/v2 v2.120.0/go.mod h1:3Jpz1GvMt720eyJH1ckRHK1EDfpxISzJ7I9OYgaDtPE=
k8s.io/utils v0.0.0-20240102154912-e7106e64919e h1:eQ/4ljkx21sObifjzXwlPKpdGLrCfRziVtos3ofG/sQ=
k8s.io/utils v0.0.0-20240102154912-e7106e64919e/go.mod h1:OLgZIPagt7ERELqWJFomSt595RzquPNLL48iOWgYOg0=
